
Microsoft Visual Studio Solution File, Format Version 12.00
# Visual Studio 15
VisualStudioVersion = 15.0.26124.0
MinimumVisualStudioVersion = 15.0.26124.0
Project("{2150E333-8FDC-42A3-9474-1A3956D46DE8}") = "src", "src", "{222962A8-2488-4997-A556-E655E3FA3979}"
EndProject
Project("{FAE04EC0-301F-11D3-BF4B-00C04F79EFBC}") = "DataQI.Dapper.FastCrud", "src\DataQI.Dapper.FastCrud\DataQI.Dapper.FastCrud.csproj", "{6FA6882F-BF3B-4B84-8B09-24EF4E6EFDAB}"
EndProject
Project("{2150E333-8FDC-42A3-9474-1A3956D46DE8}") = "test", "test", "{937F0B9D-6F4F-4DFA-9EDA-F217F41F7893}"
EndProject
Project("{FAE04EC0-301F-11D3-BF4B-00C04F79EFBC}") = "DataQI.Dapper.FastCrud.Test", "test\DataQI.Dapper.FastCrud.Test\DataQI.Dapper.FastCrud.Test.csproj", "{35E028FB-C5EE-4A5F-9D47-8D4E2304528F}"
EndProject
Project("{FAE04EC0-301F-11D3-BF4B-00C04F79EFBC}") = "DataQI.Dapper.FastCrud.Benchmarks", "test\DataQI.Dapper.FastCrud.Benchmarks\DataQI.Dapper.FastCrud.Benchmarks.csproj", "{F9E3610A-1E3A-40C4-8049-64F29E28CC7C}"
EndProject
Global
	GlobalSection(SolutionConfigurationPlatforms) = preSolution
		Debug|Any CPU = Debug|Any CPU
		Debug|x64 = Debug|x64
		Debug|x86 = Debug|x86
		Release|Any CPU = Release|Any CPU
		Release|x64 = Release|x64
		Release|x86 = Release|x86
	EndGlobalSection
	GlobalSection(SolutionProperties) = preSolution
		HideSolutionNode = FALSE
	EndGlobalSection
	GlobalSection(ProjectConfigurationPlatforms) = postSolution
		{6FA6882F-BF3B-4B84-8B09-24EF4E6EFDAB}.Debug|Any CPU.ActiveCfg = Debug|Any CPU
		{6FA6882F-BF3B-4B84-8B09-24EF4E6EFDAB}.Debug|Any CPU.Build.0 = Debug|Any CPU
		{6FA6882F-BF3B-4B84-8B09-24EF4E6EFDAB}.Debug|x64.ActiveCfg = Debug|Any CPU
		{6FA6882F-BF3B-4B84-8B09-24EF4E6EFDAB}.Debug|x64.Build.0 = Debug|Any CPU
		{6FA6882F-BF3B-4B84-8B09-24EF4E6EFDAB}.Debug|x86.ActiveCfg = Debug|Any CPU
		{6FA6882F-BF3B-4B84-8B09-24EF4E6EFDAB}.Debug|x86.Build.0 = Debug|Any CPU
		{6FA6882F-BF3B-4B84-8B09-24EF4E6EFDAB}.Release|Any CPU.ActiveCfg = Release|Any CPU
		{6FA6882F-BF3B-4B84-8B09-24EF4E6EFDAB}.Release|Any CPU.Build.0 = Release|Any CPU
		{6FA6882F-BF3B-4B84-8B09-24EF4E6EFDAB}.Release|x64.ActiveCfg = Release|Any CPU
		{6FA6882F-BF3B-4B84-8B09-24EF4E6EFDAB}.Release|x64.Build.0 = Release|Any CPU
		{6FA6882F-BF3B-4B84-8B09-24EF4E6EFDAB}.Release|x86.ActiveCfg = Release|Any CPU
		{6FA6882F-BF3B-4B84-8B09-24EF4E6EFDAB}.Release|x86.Build.0 = Release|Any CPU
		{35E028FB-C5EE-4A5F-9D47-8D4E2304528F}.Debug|Any CPU.ActiveCfg = Debug|Any CPU
		{35E028FB-C5EE-4A5F-9D47-8D4E2304528F}.Debug|Any CPU.Build.0 = Debug|Any CPU
		{35E028FB-C5EE-4A5F-9D47-8D4E2304528F}.Debug|x64.ActiveCfg = Debug|Any CPU
		{35E028FB-C5EE-4A5F-9D47-8D4E2304528F}.Debug|x64.Build.0 = Debug|Any CPU
		{35E028FB-C5EE-4A5F-9D47-8D4E2304528F}.Debug|x86.ActiveCfg = Debug|Any CPU
		{35E028FB-C5EE-4A5F-9D47-8D4E2304528F}.Debug|x86.Build.0 = Debug|Any CPU
		{35E028FB-C5EE-4A5F-9D47-8D4E2304528F}.Release|Any CPU.ActiveCfg = Release|Any CPU
		{35E028FB-C5EE-4A5F-9D47-8D4E2304528F}.Release|Any CPU.Build.0 = Release|Any CPU
		{35E028FB-C5EE-4A5F-9D47-8D4E2304528F}.Release|x64.ActiveCfg = Release|Any CPU
		{35E028FB-C5EE-4A5F-9D47-8D4E2304528F}.Release|x64.Build.0 = Release|Any CPU
		{35E028FB-C5EE-4A5F-9D47-8D4E2304528F}.Release|x86.ActiveCfg = Release|Any CPU
		{35E028FB-C5EE-4A5F-9D47-8D4E2304528F}.Release|x86.Build.0 = Release|Any CPU
		{F9E3610A-1E3A-40C4-8049-64F29E28CC7C}.Debug|Any CPU.ActiveCfg = Debug|Any CPU
		{F9E3610A-1E3A-40C4-8049-64F29E28CC7C}.Debug|Any CPU.Build.0 = Debug|Any CPU
		{F9E3610A-1E3A-40C4-8049-64F29E28CC7C}.Debug|x64.ActiveCfg = Debug|Any CPU
		{F9E3610A-1E3A-40C4-8049-64F29E28CC7C}.Debug|x64.Build.0 = Debug|Any CPU
		{F9E3610A-1E3A-40C4-8049-64F29E28CC7C}.Debug|x86.ActiveCfg = Debug|Any CPU
		{F9E3610A-1E3A-40C4-8049-64F29E28CC7C}.Debug|x86.Build.0 = Debug|Any CPU
		{F9E3610A-1E3A-40C4-8049-64F29E28CC7C}.Release|Any CPU.ActiveCfg = Release|Any CPU
		{F9E3610A-1E3A-40C4-8049-64F29E28CC7C}.Release|Any CPU.Build.0 = Release|Any CPU
		{F9E3610A-1E3A-40C4-8049-64F29E28CC7C}.Release|x64.ActiveCfg = Release|Any CPU
		{F9E3610A-1E3A-40C4-8049-64F29E28CC7C}.Release|x64.Build.0 = Release|Any CPU
		{F9E3610A-1E3A-40C4-8049-64F29E28CC7C}.Release|x86.ActiveCfg = Release|Any CPU
		{F9E3610A-1E3A-40C4-8049-64F29E28CC7C}.Release|x86.Build.0 = Release|Any CPU
	EndGlobalSection
	GlobalSection(NestedProjects) = preSolution
		{6FA6882F-BF3B-4B84-8B09-24EF4E6EFDAB} = {222962A8-2488-4997-A556-E655E3FA3979}
		{35E028FB-C5EE-4A5F-9D47-8D4E2304528F} = {937F0B9D-6F4F-4DFA-9EDA-F217F41F7893}
		{F9E3610A-1E3A-40C4-8049-64F29E28CC7C} = {937F0B9D-6F4F-4DFA-9EDA-F217F41F7893}
	EndGlobalSection
EndGlobal
