
Microsoft Visual Studio Solution File, Format Version 12.00
# Visual Studio 15
VisualStudioVersion = 15.0.26124.0
MinimumVisualStudioVersion = 15.0.26124.0
Project("{2150E333-8FDC-42A3-9474-1A3956D46DE8}") = "src", "src", "{EE6D0679-C2AC-48E1-BC26-8ACF1918EFC6}"
EndProject
Project("{FAE04EC0-301F-11D3-BF4B-00C04F79EFBC}") = "Net.Data.Dapper.FastCrud", "src\Net.Data.Dapper.FastCrud\Net.Data.Dapper.FastCrud.csproj", "{C29E2CBC-06E7-4270-A569-D6FE011EF9BF}"
EndProject
Project("{2150E333-8FDC-42A3-9474-1A3956D46DE8}") = "test", "test", "{1325FB95-DF2C-4953-94B5-2C1799BB2371}"
EndProject
Project("{FAE04EC0-301F-11D3-BF4B-00C04F79EFBC}") = "Net.Data.Dapper.FastCrud.Test", "test\Net.Data.Dapper.FastCrud.Test\Net.Data.Dapper.FastCrud.Test.csproj", "{21D9A1D5-A5B2-4BFC-BC85-B4F8644EA609}"
EndProject
Global
	GlobalSection(SolutionConfigurationPlatforms) = preSolution
		Debug|Any CPU = Debug|Any CPU
		Debug|x64 = Debug|x64
		Debug|x86 = Debug|x86
		Release|Any CPU = Release|Any CPU
		Release|x64 = Release|x64
		Release|x86 = Release|x86
	EndGlobalSection
	GlobalSection(SolutionProperties) = preSolution
		HideSolutionNode = FALSE
	EndGlobalSection
	GlobalSection(ProjectConfigurationPlatforms) = postSolution
		{C29E2CBC-06E7-4270-A569-D6FE011EF9BF}.Debug|Any CPU.ActiveCfg = Debug|Any CPU
		{C29E2CBC-06E7-4270-A569-D6FE011EF9BF}.Debug|Any CPU.Build.0 = Debug|Any CPU
		{C29E2CBC-06E7-4270-A569-D6FE011EF9BF}.Debug|x64.ActiveCfg = Debug|Any CPU
		{C29E2CBC-06E7-4270-A569-D6FE011EF9BF}.Debug|x64.Build.0 = Debug|Any CPU
		{C29E2CBC-06E7-4270-A569-D6FE011EF9BF}.Debug|x86.ActiveCfg = Debug|Any CPU
		{C29E2CBC-06E7-4270-A569-D6FE011EF9BF}.Debug|x86.Build.0 = Debug|Any CPU
		{C29E2CBC-06E7-4270-A569-D6FE011EF9BF}.Release|Any CPU.ActiveCfg = Release|Any CPU
		{C29E2CBC-06E7-4270-A569-D6FE011EF9BF}.Release|Any CPU.Build.0 = Release|Any CPU
		{C29E2CBC-06E7-4270-A569-D6FE011EF9BF}.Release|x64.ActiveCfg = Release|Any CPU
		{C29E2CBC-06E7-4270-A569-D6FE011EF9BF}.Release|x64.Build.0 = Release|Any CPU
		{C29E2CBC-06E7-4270-A569-D6FE011EF9BF}.Release|x86.ActiveCfg = Release|Any CPU
		{C29E2CBC-06E7-4270-A569-D6FE011EF9BF}.Release|x86.Build.0 = Release|Any CPU
		{21D9A1D5-A5B2-4BFC-BC85-B4F8644EA609}.Debug|Any CPU.ActiveCfg = Debug|Any CPU
		{21D9A1D5-A5B2-4BFC-BC85-B4F8644EA609}.Debug|Any CPU.Build.0 = Debug|Any CPU
		{21D9A1D5-A5B2-4BFC-BC85-B4F8644EA609}.Debug|x64.ActiveCfg = Debug|Any CPU
		{21D9A1D5-A5B2-4BFC-BC85-B4F8644EA609}.Debug|x64.Build.0 = Debug|Any CPU
		{21D9A1D5-A5B2-4BFC-BC85-B4F8644EA609}.Debug|x86.ActiveCfg = Debug|Any CPU
		{21D9A1D5-A5B2-4BFC-BC85-B4F8644EA609}.Debug|x86.Build.0 = Debug|Any CPU
		{21D9A1D5-A5B2-4BFC-BC85-B4F8644EA609}.Release|Any CPU.ActiveCfg = Release|Any CPU
		{21D9A1D5-A5B2-4BFC-BC85-B4F8644EA609}.Release|Any CPU.Build.0 = Release|Any CPU
		{21D9A1D5-A5B2-4BFC-BC85-B4F8644EA609}.Release|x64.ActiveCfg = Release|Any CPU
		{21D9A1D5-A5B2-4BFC-BC85-B4F8644EA609}.Release|x64.Build.0 = Release|Any CPU
		{21D9A1D5-A5B2-4BFC-BC85-B4F8644EA609}.Release|x86.ActiveCfg = Release|Any CPU
		{21D9A1D5-A5B2-4BFC-BC85-B4F8644EA609}.Release|x86.Build.0 = Release|Any CPU
	EndGlobalSection
	GlobalSection(NestedProjects) = preSolution
		{C29E2CBC-06E7-4270-A569-D6FE011EF9BF} = {EE6D0679-C2AC-48E1-BC26-8ACF1918EFC6}
		{21D9A1D5-A5B2-4BFC-BC85-B4F8644EA609} = {1325FB95-DF2C-4953-94B5-2C1799BB2371}
	EndGlobalSection
EndGlobal
